
Microsoft Visual Studio Solution File, Format Version 12.00
# Visual Studio Version 17
VisualStudioVersion = 17.9.34728.123
MinimumVisualStudioVersion = 10.0.40219.1
Project("{FAE04EC0-301F-11D3-BF4B-00C04F79EFBC}") = "ZebraSpooler", "ZebraSpooler.csproj", "{6AA2004B-F959-41CD-A574-C4DA1F79AD4A}"
EndProject
Global
	GlobalSection(SolutionConfigurationPlatforms) = preSolution
		Debug|Any CPU = Debug|Any CPU
		Debug|x64 = Debug|x64
		Release|Any CPU = Release|Any CPU
		Release|x64 = Release|x64
	EndGlobalSection
	GlobalSection(ProjectConfigurationPlatforms) = postSolution
		{6AA2004B-F959-41CD-A574-C4DA1F79AD4A}.Debug|Any CPU.ActiveCfg = Debug|Any CPU
		{6AA2004B-F959-41CD-A574-C4DA1F79AD4A}.Debug|Any CPU.Build.0 = Debug|Any CPU
		{6AA2004B-F959-41CD-A574-C4DA1F79AD4A}.Debug|x64.ActiveCfg = Debug|x64
		{6AA2004B-F959-41CD-A574-C4DA1F79AD4A}.Debug|x64.Build.0 = Debug|x64
		{6AA2004B-F959-41CD-A574-C4DA1F79AD4A}.Release|Any CPU.ActiveCfg = Release|Any CPU
		{6AA2004B-F959-41CD-A574-C4DA1F79AD4A}.Release|Any CPU.Build.0 = Release|Any CPU
		{6AA2004B-F959-41CD-A574-C4DA1F79AD4A}.Release|x64.ActiveCfg = Release|x64
		{6AA2004B-F959-41CD-A574-C4DA1F79AD4A}.Release|x64.Build.0 = Release|x64
	EndGlobalSection
	GlobalSection(SolutionProperties) = preSolution
		HideSolutionNode = FALSE
	EndGlobalSection
	GlobalSection(ExtensibilityGlobals) = postSolution
		SolutionGuid = {9BCC5793-5297-48A1-914E-C5357994E199}
	EndGlobalSection
EndGlobal
